
Microsoft Visual Studio Solution File, Format Version 12.00
# Visual Studio Version 17
VisualStudioVersion = 17.9.34723.18
MinimumVisualStudioVersion = 10.0.40219.1
Project("{2150E333-8FDC-42A3-9474-1A3956D46DE8}") = "src", "src", "{07CB456B-62BD-4465-A429-ED9C1DDB6F00}"
EndProject
Project("{9A19103F-16F7-4668-BE54-9A1E7A4F7556}") = "Domain", "Domain\Domain.csproj", "{8EFD5DC1-3C80-4CD0-BFD3-B8206AE276A5}"
EndProject
Project("{9A19103F-16F7-4668-BE54-9A1E7A4F7556}") = "Application", "Application\Application.csproj", "{1BEB65C1-6FAE-4AA9-95C6-101BD229B138}"
EndProject
Project("{9A19103F-16F7-4668-BE54-9A1E7A4F7556}") = "Infrastructure", "Infrastructure\Infrastructure.csproj", "{DDD67BA1-A9FA-4A66-AFAF-FA56044DE60B}"
EndProject
Project("{FAE04EC0-301F-11D3-BF4B-00C04F79EFBC}") = "Presentation", "Presentation\Presentation.csproj", "{504FBABB-81AB-46C9-BC18-84C2E9484CAE}"
EndProject
Project("{FAE04EC0-301F-11D3-BF4B-00C04F79EFBC}") = "WebAPI", "WebAPI\WebAPI.csproj", "{BA8E72C1-1D36-407C-9E40-B2A00EAFA78D}"
EndProject
Global
	GlobalSection(SolutionConfigurationPlatforms) = preSolution
		Debug|Any CPU = Debug|Any CPU
		Release|Any CPU = Release|Any CPU
	EndGlobalSection
	GlobalSection(ProjectConfigurationPlatforms) = postSolution
		{8EFD5DC1-3C80-4CD0-BFD3-B8206AE276A5}.Debug|Any CPU.ActiveCfg = Debug|Any CPU
		{8EFD5DC1-3C80-4CD0-BFD3-B8206AE276A5}.Debug|Any CPU.Build.0 = Debug|Any CPU
		{8EFD5DC1-3C80-4CD0-BFD3-B8206AE276A5}.Release|Any CPU.ActiveCfg = Release|Any CPU
		{8EFD5DC1-3C80-4CD0-BFD3-B8206AE276A5}.Release|Any CPU.Build.0 = Release|Any CPU
		{1BEB65C1-6FAE-4AA9-95C6-101BD229B138}.Debug|Any CPU.ActiveCfg = Debug|Any CPU
		{1BEB65C1-6FAE-4AA9-95C6-101BD229B138}.Debug|Any CPU.Build.0 = Debug|Any CPU
		{1BEB65C1-6FAE-4AA9-95C6-101BD229B138}.Release|Any CPU.ActiveCfg = Release|Any CPU
		{1BEB65C1-6FAE-4AA9-95C6-101BD229B138}.Release|Any CPU.Build.0 = Release|Any CPU
		{DDD67BA1-A9FA-4A66-AFAF-FA56044DE60B}.Debug|Any CPU.ActiveCfg = Debug|Any CPU
		{DDD67BA1-A9FA-4A66-AFAF-FA56044DE60B}.Debug|Any CPU.Build.0 = Debug|Any CPU
		{DDD67BA1-A9FA-4A66-AFAF-FA56044DE60B}.Release|Any CPU.ActiveCfg = Release|Any CPU
		{DDD67BA1-A9FA-4A66-AFAF-FA56044DE60B}.Release|Any CPU.Build.0 = Release|Any CPU
		{504FBABB-81AB-46C9-BC18-84C2E9484CAE}.Debug|Any CPU.ActiveCfg = Debug|Any CPU
		{504FBABB-81AB-46C9-BC18-84C2E9484CAE}.Debug|Any CPU.Build.0 = Debug|Any CPU
		{504FBABB-81AB-46C9-BC18-84C2E9484CAE}.Release|Any CPU.ActiveCfg = Release|Any CPU
		{504FBABB-81AB-46C9-BC18-84C2E9484CAE}.Release|Any CPU.Build.0 = Release|Any CPU
		{BA8E72C1-1D36-407C-9E40-B2A00EAFA78D}.Debug|Any CPU.ActiveCfg = Debug|Any CPU
		{BA8E72C1-1D36-407C-9E40-B2A00EAFA78D}.Debug|Any CPU.Build.0 = Debug|Any CPU
		{BA8E72C1-1D36-407C-9E40-B2A00EAFA78D}.Release|Any CPU.ActiveCfg = Release|Any CPU
		{BA8E72C1-1D36-407C-9E40-B2A00EAFA78D}.Release|Any CPU.Build.0 = Release|Any CPU
	EndGlobalSection
	GlobalSection(SolutionProperties) = preSolution
		HideSolutionNode = FALSE
	EndGlobalSection
	GlobalSection(NestedProjects) = preSolution
		{8EFD5DC1-3C80-4CD0-BFD3-B8206AE276A5} = {07CB456B-62BD-4465-A429-ED9C1DDB6F00}
		{1BEB65C1-6FAE-4AA9-95C6-101BD229B138} = {07CB456B-62BD-4465-A429-ED9C1DDB6F00}
		{DDD67BA1-A9FA-4A66-AFAF-FA56044DE60B} = {07CB456B-62BD-4465-A429-ED9C1DDB6F00}
		{504FBABB-81AB-46C9-BC18-84C2E9484CAE} = {07CB456B-62BD-4465-A429-ED9C1DDB6F00}
		{BA8E72C1-1D36-407C-9E40-B2A00EAFA78D} = {07CB456B-62BD-4465-A429-ED9C1DDB6F00}
	EndGlobalSection
	GlobalSection(ExtensibilityGlobals) = postSolution
		SolutionGuid = {1B9AD865-1EEE-4DA1-B3B2-E4AFCE3B2C4F}
	EndGlobalSection
EndGlobal
